// !$*UTF8*$!
{
	archiveVersion = 1;
	classes = {
	};
	objectVersion = 46;
	objects = {

/* Begin PBXBuildFile section */
		0A00560A16C4B45300877925 /* GameResultViewController.m in Sources */ = {isa = PBXBuildFile; fileRef = 0A00560916C4B45300877925 /* GameResultViewController.m */; };
		0A0143A516BD98AA00EA7592 /* dark-abstract.jpg in Resources */ = {isa = PBXBuildFile; fileRef = 0A0143A116BD98AA00EA7592 /* dark-abstract.jpg */; };
		0A0143A616BD98AA00EA7592 /* dark-holes.jpg in Resources */ = {isa = PBXBuildFile; fileRef = 0A0143A216BD98AA00EA7592 /* dark-holes.jpg */; };
		0A0143A716BD98AA00EA7592 /* section.png in Resources */ = {isa = PBXBuildFile; fileRef = 0A0143A316BD98AA00EA7592 /* section.png */; };
		0A0143A816BD98AA00EA7592 /* springboard.jpg in Resources */ = {isa = PBXBuildFile; fileRef = 0A0143A416BD98AA00EA7592 /* springboard.jpg */; };
		0A0A202F16BB896E004FD749 /* blue-card.jpeg in Resources */ = {isa = PBXBuildFile; fileRef = 0A0A202E16BB896D004FD749 /* blue-card.jpeg */; };
		0A0A203116BB8C38004FD749 /* red-card.jpeg in Resources */ = {isa = PBXBuildFile; fileRef = 0A0A203016BB8C38004FD749 /* red-card.jpeg */; };
		0A0A203316BB8C76004FD749 /* red-card-2.png in Resources */ = {isa = PBXBuildFile; fileRef = 0A0A203216BB8C75004FD749 /* red-card-2.png */; };
		0A14A19216BA21BB00C77C15 /* CardMatchingGame.m in Sources */ = {isa = PBXBuildFile; fileRef = 0A14A19116BA21BB00C77C15 /* CardMatchingGame.m */; };
		0A23000016B5EE0400684634 /* Card.m in Sources */ = {isa = PBXBuildFile; fileRef = 0A23FFFF16B5EE0400684634 /* Card.m */; };
		0A23000416B5EF8D00684634 /* Deck.m in Sources */ = {isa = PBXBuildFile; fileRef = 0A23000316B5EF8D00684634 /* Deck.m */; };
		0A23000716B5F44000684634 /* PLayingCard.m in Sources */ = {isa = PBXBuildFile; fileRef = 0A23000616B5F43F00684634 /* PLayingCard.m */; };
		0A23000A16B5F7D100684634 /* PlayingCardDeck.m in Sources */ = {isa = PBXBuildFile; fileRef = 0A23000916B5F7D100684634 /* PlayingCardDeck.m */; };
		0A23FFDC16B5E99200684634 /* UIKit.framework in Frameworks */ = {isa = PBXBuildFile; fileRef = 0A23FFDB16B5E99200684634 /* UIKit.framework */; };
		0A23FFDE16B5E99200684634 /* Foundation.framework in Frameworks */ = {isa = PBXBuildFile; fileRef = 0A23FFDD16B5E99200684634 /* Foundation.framework */; };
		0A23FFE016B5E99200684634 /* CoreGraphics.framework in Frameworks */ = {isa = PBXBuildFile; fileRef = 0A23FFDF16B5E99200684634 /* CoreGraphics.framework */; };
		0A23FFE616B5E99200684634 /* InfoPlist.strings in Resources */ = {isa = PBXBuildFile; fileRef = 0A23FFE416B5E99200684634 /* InfoPlist.strings */; };
		0A23FFE816B5E99200684634 /* main.m in Sources */ = {isa = PBXBuildFile; fileRef = 0A23FFE716B5E99200684634 /* main.m */; };
		0A23FFEC16B5E99200684634 /* CardAppDelegate.m in Sources */ = {isa = PBXBuildFile; fileRef = 0A23FFEB16B5E99200684634 /* CardAppDelegate.m */; };
		0A23FFEE16B5E99200684634 /* Default.png in Resources */ = {isa = PBXBuildFile; fileRef = 0A23FFED16B5E99200684634 /* Default.png */; };
		0A23FFF016B5E99200684634 /* Default@2x.png in Resources */ = {isa = PBXBuildFile; fileRef = 0A23FFEF16B5E99200684634 /* Default@2x.png */; };
		0A23FFF216B5E99200684634 /* Default-568h@2x.png in Resources */ = {isa = PBXBuildFile; fileRef = 0A23FFF116B5E99200684634 /* Default-568h@2x.png */; };
		0A23FFF516B5E99200684634 /* MainStoryboard.storyboard in Resources */ = {isa = PBXBuildFile; fileRef = 0A23FFF316B5E99200684634 /* MainStoryboard.storyboard */; };
		0A23FFF816B5E99200684634 /* CardGameViewController.m in Sources */ = {isa = PBXBuildFile; fileRef = 0A23FFF716B5E99200684634 /* CardGameViewController.m */; };
		0A3FEBC016D0339D00F6472D /* card-back.png in Resources */ = {isa = PBXBuildFile; fileRef = 0A3FEB5216D0339D00F6472D /* card-back.png */; };
		0A3FEBC116D0339D00F6472D /* card-back@2x.png in Resources */ = {isa = PBXBuildFile; fileRef = 0A3FEB5316D0339D00F6472D /* card-back@2x.png */; };
		0A3FEBC216D0339D00F6472D /* club-1.png in Resources */ = {isa = PBXBuildFile; fileRef = 0A3FEB5416D0339D00F6472D /* club-1.png */; };
		0A3FEBC316D0339D00F6472D /* club-10.png in Resources */ = {isa = PBXBuildFile; fileRef = 0A3FEB5516D0339D00F6472D /* club-10.png */; };
		0A3FEBC416D0339D00F6472D /* club-10@2x.png in Resources */ = {isa = PBXBuildFile; fileRef = 0A3FEB5616D0339D00F6472D /* club-10@2x.png */; };
		0A3FEBC516D0339D00F6472D /* club-11.png in Resources */ = {isa = PBXBuildFile; fileRef = 0A3FEB5716D0339D00F6472D /* club-11.png */; };
		0A3FEBC616D0339D00F6472D /* club-11@2x.png in Resources */ = {isa = PBXBuildFile; fileRef = 0A3FEB5816D0339D00F6472D /* club-11@2x.png */; };
		0A3FEBC716D0339D00F6472D /* club-12.png in Resources */ = {isa = PBXBuildFile; fileRef = 0A3FEB5916D0339D00F6472D /* club-12.png */; };
		0A3FEBC816D0339D00F6472D /* club-12@2x.png in Resources */ = {isa = PBXBuildFile; fileRef = 0A3FEB5A16D0339D00F6472D /* club-12@2x.png */; };
		0A3FEBC916D0339D00F6472D /* club-13.png in Resources */ = {isa = PBXBuildFile; fileRef = 0A3FEB5B16D0339D00F6472D /* club-13.png */; };
		0A3FEBCA16D0339D00F6472D /* club-13@2x.png in Resources */ = {isa = PBXBuildFile; fileRef = 0A3FEB5C16D0339D00F6472D /* club-13@2x.png */; };
		0A3FEBCB16D0339D00F6472D /* club-1@2x.png in Resources */ = {isa = PBXBuildFile; fileRef = 0A3FEB5D16D0339D00F6472D /* club-1@2x.png */; };
		0A3FEBCC16D0339D00F6472D /* club-2.png in Resources */ = {isa = PBXBuildFile; fileRef = 0A3FEB5E16D0339D00F6472D /* club-2.png */; };
		0A3FEBCD16D0339D00F6472D /* club-2@2x.png in Resources */ = {isa = PBXBuildFile; fileRef = 0A3FEB5F16D0339D00F6472D /* club-2@2x.png */; };
		0A3FEBCE16D0339D00F6472D /* club-3.png in Resources */ = {isa = PBXBuildFile; fileRef = 0A3FEB6016D0339D00F6472D /* club-3.png */; };
		0A3FEBCF16D0339D00F6472D /* club-3@2x.png in Resources */ = {isa = PBXBuildFile; fileRef = 0A3FEB6116D0339D00F6472D /* club-3@2x.png */; };
		0A3FEBD016D0339D00F6472D /* club-4.png in Resources */ = {isa = PBXBuildFile; fileRef = 0A3FEB6216D0339D00F6472D /* club-4.png */; };
		0A3FEBD116D0339D00F6472D /* club-4@2x.png in Resources */ = {isa = PBXBuildFile; fileRef = 0A3FEB6316D0339D00F6472D /* club-4@2x.png */; };
		0A3FEBD216D0339D00F6472D /* club-5.png in Resources */ = {isa = PBXBuildFile; fileRef = 0A3FEB6416D0339D00F6472D /* club-5.png */; };
		0A3FEBD316D0339D00F6472D /* club-5@2x.png in Resources */ = {isa = PBXBuildFile; fileRef = 0A3FEB6516D0339D00F6472D /* club-5@2x.png */; };
		0A3FEBD416D0339D00F6472D /* club-6.png in Resources */ = {isa = PBXBuildFile; fileRef = 0A3FEB6616D0339D00F6472D /* club-6.png */; };
		0A3FEBD516D0339D00F6472D /* club-6@2x.png in Resources */ = {isa = PBXBuildFile; fileRef = 0A3FEB6716D0339D00F6472D /* club-6@2x.png */; };
		0A3FEBD616D0339D00F6472D /* club-7.png in Resources */ = {isa = PBXBuildFile; fileRef = 0A3FEB6816D0339D00F6472D /* club-7.png */; };
		0A3FEBD716D0339D00F6472D /* club-7@2x.png in Resources */ = {isa = PBXBuildFile; fileRef = 0A3FEB6916D0339D00F6472D /* club-7@2x.png */; };
		0A3FEBD816D0339D00F6472D /* club-8.png in Resources */ = {isa = PBXBuildFile; fileRef = 0A3FEB6A16D0339D00F6472D /* club-8.png */; };
		0A3FEBD916D0339D00F6472D /* club-8@2x.png in Resources */ = {isa = PBXBuildFile; fileRef = 0A3FEB6B16D0339D00F6472D /* club-8@2x.png */; };
		0A3FEBDA16D0339D00F6472D /* club-9.png in Resources */ = {isa = PBXBuildFile; fileRef = 0A3FEB6C16D0339D00F6472D /* club-9.png */; };
		0A3FEBDB16D0339D00F6472D /* club-9@2x.png in Resources */ = {isa = PBXBuildFile; fileRef = 0A3FEB6D16D0339D00F6472D /* club-9@2x.png */; };
		0A3FEBDF16D0339D00F6472D /* diamond-1.png in Resources */ = {isa = PBXBuildFile; fileRef = 0A3FEB7216D0339D00F6472D /* diamond-1.png */; };
		0A3FEBE016D0339D00F6472D /* diamond-10.png in Resources */ = {isa = PBXBuildFile; fileRef = 0A3FEB7316D0339D00F6472D /* diamond-10.png */; };
		0A3FEBE116D0339D00F6472D /* diamond-10@2x.png in Resources */ = {isa = PBXBuildFile; fileRef = 0A3FEB7416D0339D00F6472D /* diamond-10@2x.png */; };
		0A3FEBE216D0339D00F6472D /* diamond-11.png in Resources */ = {isa = PBXBuildFile; fileRef = 0A3FEB7516D0339D00F6472D /* diamond-11.png */; };
		0A3FEBE316D0339D00F6472D /* diamond-11@2x.png in Resources */ = {isa = PBXBuildFile; fileRef = 0A3FEB7616D0339D00F6472D /* diamond-11@2x.png */; };
		0A3FEBE416D0339D00F6472D /* diamond-12.png in Resources */ = {isa = PBXBuildFile; fileRef = 0A3FEB7716D0339D00F6472D /* diamond-12.png */; };
		0A3FEBE516D0339D00F6472D /* diamond-12@2x.png in Resources */ = {isa = PBXBuildFile; fileRef = 0A3FEB7816D0339D00F6472D /* diamond-12@2x.png */; };
		0A3FEBE616D0339D00F6472D /* diamond-13.png in Resources */ = {isa = PBXBuildFile; fileRef = 0A3FEB7916D0339D00F6472D /* diamond-13.png */; };
		0A3FEBE716D0339D00F6472D /* diamond-13@2x.png in Resources */ = {isa = PBXBuildFile; fileRef = 0A3FEB7A16D0339D00F6472D /* diamond-13@2x.png */; };
		0A3FEBE816D0339D00F6472D /* diamond-1@2x.png in Resources */ = {isa = PBXBuildFile; fileRef = 0A3FEB7B16D0339D00F6472D /* diamond-1@2x.png */; };
		0A3FEBE916D0339D00F6472D /* diamond-2.png in Resources */ = {isa = PBXBuildFile; fileRef = 0A3FEB7C16D0339D00F6472D /* diamond-2.png */; };
		0A3FEBEA16D0339D00F6472D /* diamond-2@2x.png in Resources */ = {isa = PBXBuildFile; fileRef = 0A3FEB7D16D0339D00F6472D /* diamond-2@2x.png */; };
		0A3FEBEB16D0339D00F6472D /* diamond-3.png in Resources */ = {isa = PBXBuildFile; fileRef = 0A3FEB7E16D0339D00F6472D /* diamond-3.png */; };
		0A3FEBEC16D0339D00F6472D /* diamond-3@2x.png in Resources */ = {isa = PBXBuildFile; fileRef = 0A3FEB7F16D0339D00F6472D /* diamond-3@2x.png */; };
		0A3FEBED16D0339D00F6472D /* diamond-4.png in Resources */ = {isa = PBXBuildFile; fileRef = 0A3FEB8016D0339D00F6472D /* diamond-4.png */; };
		0A3FEBEE16D0339D00F6472D /* diamond-4@2x.png in Resources */ = {isa = PBXBuildFile; fileRef = 0A3FEB8116D0339D00F6472D /* diamond-4@2x.png */; };
		0A3FEBEF16D0339D00F6472D /* diamond-5.png in Resources */ = {isa = PBXBuildFile; fileRef = 0A3FEB8216D0339D00F6472D /* diamond-5.png */; };
		0A3FEBF016D0339D00F6472D /* diamond-5@2x.png in Resources */ = {isa = PBXBuildFile; fileRef = 0A3FEB8316D0339D00F6472D /* diamond-5@2x.png */; };
		0A3FEBF116D0339D00F6472D /* diamond-6.png in Resources */ = {isa = PBXBuildFile; fileRef = 0A3FEB8416D0339D00F6472D /* diamond-6.png */; };
		0A3FEBF216D0339D00F6472D /* diamond-6@2x.png in Resources */ = {isa = PBXBuildFile; fileRef = 0A3FEB8516D0339D00F6472D /* diamond-6@2x.png */; };
		0A3FEBF316D0339D00F6472D /* diamond-7.png in Resources */ = {isa = PBXBuildFile; fileRef = 0A3FEB8616D0339D00F6472D /* diamond-7.png */; };
		0A3FEBF416D0339D00F6472D /* diamond-7@2x.png in Resources */ = {isa = PBXBuildFile; fileRef = 0A3FEB8716D0339D00F6472D /* diamond-7@2x.png */; };
		0A3FEBF516D0339D00F6472D /* diamond-8.png in Resources */ = {isa = PBXBuildFile; fileRef = 0A3FEB8816D0339D00F6472D /* diamond-8.png */; };
		0A3FEBF616D0339D00F6472D /* diamond-8@2x.png in Resources */ = {isa = PBXBuildFile; fileRef = 0A3FEB8916D0339D00F6472D /* diamond-8@2x.png */; };
		0A3FEBF716D0339D00F6472D /* diamond-9.png in Resources */ = {isa = PBXBuildFile; fileRef = 0A3FEB8A16D0339D00F6472D /* diamond-9.png */; };
		0A3FEBF816D0339D00F6472D /* diamond-9@2x.png in Resources */ = {isa = PBXBuildFile; fileRef = 0A3FEB8B16D0339D00F6472D /* diamond-9@2x.png */; };
		0A3FEBF916D0339D00F6472D /* heart-1.png in Resources */ = {isa = PBXBuildFile; fileRef = 0A3FEB8C16D0339D00F6472D /* heart-1.png */; };
		0A3FEBFA16D0339D00F6472D /* heart-10.png in Resources */ = {isa = PBXBuildFile; fileRef = 0A3FEB8D16D0339D00F6472D /* heart-10.png */; };
		0A3FEBFB16D0339D00F6472D /* heart-10@2x.png in Resources */ = {isa = PBXBuildFile; fileRef = 0A3FEB8E16D0339D00F6472D /* heart-10@2x.png */; };
		0A3FEBFC16D0339D00F6472D /* heart-11.png in Resources */ = {isa = PBXBuildFile; fileRef = 0A3FEB8F16D0339D00F6472D /* heart-11.png */; };
		0A3FEBFD16D0339D00F6472D /* heart-11@2x.png in Resources */ = {isa = PBXBuildFile; fileRef = 0A3FEB9016D0339D00F6472D /* heart-11@2x.png */; };
		0A3FEBFE16D0339D00F6472D /* heart-12.png in Resources */ = {isa = PBXBuildFile; fileRef = 0A3FEB9116D0339D00F6472D /* heart-12.png */; };
		0A3FEBFF16D0339D00F6472D /* heart-12@2x.png in Resources */ = {isa = PBXBuildFile; fileRef = 0A3FEB9216D0339D00F6472D /* heart-12@2x.png */; };
		0A3FEC0016D0339D00F6472D /* heart-13.png in Resources */ = {isa = PBXBuildFile; fileRef = 0A3FEB9316D0339D00F6472D /* heart-13.png */; };
		0A3FEC0116D0339D00F6472D /* heart-13@2x.png in Resources */ = {isa = PBXBuildFile; fileRef = 0A3FEB9416D0339D00F6472D /* heart-13@2x.png */; };
		0A3FEC0216D0339D00F6472D /* heart-1@2x.png in Resources */ = {isa = PBXBuildFile; fileRef = 0A3FEB9516D0339D00F6472D /* heart-1@2x.png */; };
		0A3FEC0316D0339D00F6472D /* heart-2.png in Resources */ = {isa = PBXBuildFile; fileRef = 0A3FEB9616D0339D00F6472D /* heart-2.png */; };
		0A3FEC0416D0339D00F6472D /* heart-2@2x.png in Resources */ = {isa = PBXBuildFile; fileRef = 0A3FEB9716D0339D00F6472D /* heart-2@2x.png */; };
		0A3FEC0516D0339D00F6472D /* heart-3.png in Resources */ = {isa = PBXBuildFile; fileRef = 0A3FEB9816D0339D00F6472D /* heart-3.png */; };
		0A3FEC0616D0339D00F6472D /* heart-3@2x.png in Resources */ = {isa = PBXBuildFile; fileRef = 0A3FEB9916D0339D00F6472D /* heart-3@2x.png */; };
		0A3FEC0716D0339D00F6472D /* heart-4.png in Resources */ = {isa = PBXBuildFile; fileRef = 0A3FEB9A16D0339D00F6472D /* heart-4.png */; };
		0A3FEC0816D0339D00F6472D /* heart-4@2x.png in Resources */ = {isa = PBXBuildFile; fileRef = 0A3FEB9B16D0339D00F6472D /* heart-4@2x.png */; };
		0A3FEC0916D0339D00F6472D /* heart-5.png in Resources */ = {isa = PBXBuildFile; fileRef = 0A3FEB9C16D0339D00F6472D /* heart-5.png */; };
		0A3FEC0A16D0339D00F6472D /* heart-5@2x.png in Resources */ = {isa = PBXBuildFile; fileRef = 0A3FEB9D16D0339D00F6472D /* heart-5@2x.png */; };
		0A3FEC0B16D0339D00F6472D /* heart-6.png in Resources */ = {isa = PBXBuildFile; fileRef = 0A3FEB9E16D0339D00F6472D /* heart-6.png */; };
		0A3FEC0C16D0339D00F6472D /* heart-6@2x.png in Resources */ = {isa = PBXBuildFile; fileRef = 0A3FEB9F16D0339D00F6472D /* heart-6@2x.png */; };
		0A3FEC0D16D0339D00F6472D /* heart-7.png in Resources */ = {isa = PBXBuildFile; fileRef = 0A3FEBA016D0339D00F6472D /* heart-7.png */; };
		0A3FEC0E16D0339D00F6472D /* heart-7@2x.png in Resources */ = {isa = PBXBuildFile; fileRef = 0A3FEBA116D0339D00F6472D /* heart-7@2x.png */; };
		0A3FEC0F16D0339D00F6472D /* heart-8.png in Resources */ = {isa = PBXBuildFile; fileRef = 0A3FEBA216D0339D00F6472D /* heart-8.png */; };
		0A3FEC1016D0339D00F6472D /* heart-8@2x.png in Resources */ = {isa = PBXBuildFile; fileRef = 0A3FEBA316D0339D00F6472D /* heart-8@2x.png */; };
		0A3FEC1116D0339D00F6472D /* heart-9.png in Resources */ = {isa = PBXBuildFile; fileRef = 0A3FEBA416D0339D00F6472D /* heart-9.png */; };
		0A3FEC1216D0339D00F6472D /* heart-9@2x.png in Resources */ = {isa = PBXBuildFile; fileRef = 0A3FEBA516D0339D00F6472D /* heart-9@2x.png */; };
		0A3FEC1316D0339D00F6472D /* spade-1.png in Resources */ = {isa = PBXBuildFile; fileRef = 0A3FEBA616D0339D00F6472D /* spade-1.png */; };
		0A3FEC1416D0339D00F6472D /* spade-10.png in Resources */ = {isa = PBXBuildFile; fileRef = 0A3FEBA716D0339D00F6472D /* spade-10.png */; };
		0A3FEC1516D0339D00F6472D /* spade-10@2x.png in Resources */ = {isa = PBXBuildFile; fileRef = 0A3FEBA816D0339D00F6472D /* spade-10@2x.png */; };
		0A3FEC1616D0339D00F6472D /* spade-11.png in Resources */ = {isa = PBXBuildFile; fileRef = 0A3FEBA916D0339D00F6472D /* spade-11.png */; };
		0A3FEC1716D0339D00F6472D /* spade-11@2x.png in Resources */ = {isa = PBXBuildFile; fileRef = 0A3FEBAA16D0339D00F6472D /* spade-11@2x.png */; };
		0A3FEC1816D0339D00F6472D /* spade-12.png in Resources */ = {isa = PBXBuildFile; fileRef = 0A3FEBAB16D0339D00F6472D /* spade-12.png */; };
		0A3FEC1916D0339D00F6472D /* spade-12@2x.png in Resources */ = {isa = PBXBuildFile; fileRef = 0A3FEBAC16D0339D00F6472D /* spade-12@2x.png */; };
		0A3FEC1A16D0339D00F6472D /* spade-13.png in Resources */ = {isa = PBXBuildFile; fileRef = 0A3FEBAD16D0339D00F6472D /* spade-13.png */; };
		0A3FEC1B16D0339D00F6472D /* spade-13@2x.png in Resources */ = {isa = PBXBuildFile; fileRef = 0A3FEBAE16D0339D00F6472D /* spade-13@2x.png */; };
		0A3FEC1C16D0339D00F6472D /* spade-1@2x.png in Resources */ = {isa = PBXBuildFile; fileRef = 0A3FEBAF16D0339D00F6472D /* spade-1@2x.png */; };
		0A3FEC1D16D0339D00F6472D /* spade-2.png in Resources */ = {isa = PBXBuildFile; fileRef = 0A3FEBB016D0339D00F6472D /* spade-2.png */; };
		0A3FEC1E16D0339D00F6472D /* spade-2@2x.png in Resources */ = {isa = PBXBuildFile; fileRef = 0A3FEBB116D0339D00F6472D /* spade-2@2x.png */; };
		0A3FEC1F16D0339D00F6472D /* spade-3.png in Resources */ = {isa = PBXBuildFile; fileRef = 0A3FEBB216D0339D00F6472D /* spade-3.png */; };
		0A3FEC2016D0339D00F6472D /* spade-3@2x.png in Resources */ = {isa = PBXBuildFile; fileRef = 0A3FEBB316D0339D00F6472D /* spade-3@2x.png */; };
		0A3FEC2116D0339D00F6472D /* spade-4.png in Resources */ = {isa = PBXBuildFile; fileRef = 0A3FEBB416D0339D00F6472D /* spade-4.png */; };
		0A3FEC2216D0339D00F6472D /* spade-4@2x.png in Resources */ = {isa = PBXBuildFile; fileRef = 0A3FEBB516D0339D00F6472D /* spade-4@2x.png */; };
		0A3FEC2316D0339D00F6472D /* spade-5.png in Resources */ = {isa = PBXBuildFile; fileRef = 0A3FEBB616D0339D00F6472D /* spade-5.png */; };
		0A3FEC2416D0339D00F6472D /* spade-5@2x.png in Resources */ = {isa = PBXBuildFile; fileRef = 0A3FEBB716D0339D00F6472D /* spade-5@2x.png */; };
		0A3FEC2516D0339D00F6472D /* spade-6.png in Resources */ = {isa = PBXBuildFile; fileRef = 0A3FEBB816D0339D00F6472D /* spade-6.png */; };
		0A3FEC2616D0339D00F6472D /* spade-6@2x.png in Resources */ = {isa = PBXBuildFile; fileRef = 0A3FEBB916D0339D00F6472D /* spade-6@2x.png */; };
		0A3FEC2716D0339D00F6472D /* spade-7.png in Resources */ = {isa = PBXBuildFile; fileRef = 0A3FEBBA16D0339D00F6472D /* spade-7.png */; };
		0A3FEC2816D0339D00F6472D /* spade-7@2x.png in Resources */ = {isa = PBXBuildFile; fileRef = 0A3FEBBB16D0339D00F6472D /* spade-7@2x.png */; };
		0A3FEC2916D0339D00F6472D /* spade-8.png in Resources */ = {isa = PBXBuildFile; fileRef = 0A3FEBBC16D0339D00F6472D /* spade-8.png */; };
		0A3FEC2A16D0339D00F6472D /* spade-8@2x.png in Resources */ = {isa = PBXBuildFile; fileRef = 0A3FEBBD16D0339D00F6472D /* spade-8@2x.png */; };
		0A3FEC2B16D0339D00F6472D /* spade-9.png in Resources */ = {isa = PBXBuildFile; fileRef = 0A3FEBBE16D0339D00F6472D /* spade-9.png */; };
		0A3FEC2C16D0339D00F6472D /* spade-9@2x.png in Resources */ = {isa = PBXBuildFile; fileRef = 0A3FEBBF16D0339D00F6472D /* spade-9@2x.png */; };
		0A4B06D816C4B07600FEB539 /* card-red.jpg in Resources */ = {isa = PBXBuildFile; fileRef = 0A4B06D716C4B07600FEB539 /* card-red.jpg */; };
		0A637DE216C83F8900AA27D7 /* SetCard.m in Sources */ = {isa = PBXBuildFile; fileRef = 0A637DE116C83F8900AA27D7 /* SetCard.m */; };
		0A637DE516C8410500AA27D7 /* SetCardViewController.m in Sources */ = {isa = PBXBuildFile; fileRef = 0A637DE416C8410500AA27D7 /* SetCardViewController.m */; };
		0A637DE816C842A200AA27D7 /* CardGame.m in Sources */ = {isa = PBXBuildFile; fileRef = 0A637DE716C842A200AA27D7 /* CardGame.m */; };
		0A637DEB16C842E800AA27D7 /* SetCardGame.m in Sources */ = {isa = PBXBuildFile; fileRef = 0A637DEA16C842E800AA27D7 /* SetCardGame.m */; };
		0A637DEE16C8433200AA27D7 /* SetDeck.m in Sources */ = {isa = PBXBuildFile; fileRef = 0A637DED16C8433200AA27D7 /* SetDeck.m */; };
		0A7772EC16C4B7D400FC1926 /* GameResult.m in Sources */ = {isa = PBXBuildFile; fileRef = 0A7772EB16C4B7D400FC1926 /* GameResult.m */; };
/* End PBXBuildFile section */

/* Begin PBXFileReference section */
		0A00560816C4B45300877925 /* GameResultViewController.h */ = {isa = PBXFileReference; fileEncoding = 4; lastKnownFileType = sourcecode.c.h; path = GameResultViewController.h; sourceTree = "<group>"; };
		0A00560916C4B45300877925 /* GameResultViewController.m */ = {isa = PBXFileReference; fileEncoding = 4; lastKnownFileType = sourcecode.c.objc; path = GameResultViewController.m; sourceTree = "<group>"; };
		0A0143A116BD98AA00EA7592 /* dark-abstract.jpg */ = {isa = PBXFileReference; lastKnownFileType = image.jpeg; path = "dark-abstract.jpg"; sourceTree = "<group>"; };
		0A0143A216BD98AA00EA7592 /* dark-holes.jpg */ = {isa = PBXFileReference; lastKnownFileType = image.jpeg; path = "dark-holes.jpg"; sourceTree = "<group>"; };
		0A0143A316BD98AA00EA7592 /* section.png */ = {isa = PBXFileReference; lastKnownFileType = image.png; path = section.png; sourceTree = "<group>"; };
		0A0143A416BD98AA00EA7592 /* springboard.jpg */ = {isa = PBXFileReference; lastKnownFileType = image.jpeg; path = springboard.jpg; sourceTree = "<group>"; };
		0A0A202E16BB896D004FD749 /* blue-card.jpeg */ = {isa = PBXFileReference; lastKnownFileType = image.jpeg; name = "blue-card.jpeg"; path = "CardMatch/blue-card.jpeg"; sourceTree = "<group>"; };
		0A0A203016BB8C38004FD749 /* red-card.jpeg */ = {isa = PBXFileReference; lastKnownFileType = image.jpeg; name = "red-card.jpeg"; path = "CardMatch/red-card.jpeg"; sourceTree = "<group>"; };
		0A0A203216BB8C75004FD749 /* red-card-2.png */ = {isa = PBXFileReference; lastKnownFileType = image.png; name = "red-card-2.png"; path = "CardMatch/red-card-2.png"; sourceTree = "<group>"; };
		0A14A19016BA21BB00C77C15 /* CardMatchingGame.h */ = {isa = PBXFileReference; fileEncoding = 4; lastKnownFileType = sourcecode.c.h; path = CardMatchingGame.h; sourceTree = "<group>"; };
		0A14A19116BA21BB00C77C15 /* CardMatchingGame.m */ = {isa = PBXFileReference; fileEncoding = 4; lastKnownFileType = sourcecode.c.objc; path = CardMatchingGame.m; sourceTree = "<group>"; };
		0A23000216B5EF8D00684634 /* Deck.h */ = {isa = PBXFileReference; fileEncoding = 4; lastKnownFileType = sourcecode.c.h; name = Deck.h; path = Model/Deck.h; sourceTree = "<group>"; };
		0A23000316B5EF8D00684634 /* Deck.m */ = {isa = PBXFileReference; fileEncoding = 4; lastKnownFileType = sourcecode.c.objc; name = Deck.m; path = Model/Deck.m; sourceTree = "<group>"; };
		0A23000516B5F43F00684634 /* PLayingCard.h */ = {isa = PBXFileReference; fileEncoding = 4; lastKnownFileType = sourcecode.c.h; name = PLayingCard.h; path = Model/PLayingCard.h; sourceTree = "<group>"; };
		0A23000616B5F43F00684634 /* PLayingCard.m */ = {isa = PBXFileReference; fileEncoding = 4; lastKnownFileType = sourcecode.c.objc; name = PLayingCard.m; path = Model/PLayingCard.m; sourceTree = "<group>"; };
		0A23000816B5F7D100684634 /* PlayingCardDeck.h */ = {isa = PBXFileReference; fileEncoding = 4; lastKnownFileType = sourcecode.c.h; name = PlayingCardDeck.h; path = Model/PlayingCardDeck.h; sourceTree = "<group>"; };
		0A23000916B5F7D100684634 /* PlayingCardDeck.m */ = {isa = PBXFileReference; fileEncoding = 4; lastKnownFileType = sourcecode.c.objc; name = PlayingCardDeck.m; path = Model/PlayingCardDeck.m; sourceTree = "<group>"; };
		0A23FFD716B5E99200684634 /* CardMatch.app */ = {isa = PBXFileReference; explicitFileType = wrapper.application; includeInIndex = 0; path = CardMatch.app; sourceTree = BUILT_PRODUCTS_DIR; };
		0A23FFDB16B5E99200684634 /* UIKit.framework */ = {isa = PBXFileReference; lastKnownFileType = wrapper.framework; name = UIKit.framework; path = System/Library/Frameworks/UIKit.framework; sourceTree = SDKROOT; };
		0A23FFDD16B5E99200684634 /* Foundation.framework */ = {isa = PBXFileReference; lastKnownFileType = wrapper.framework; name = Foundation.framework; path = System/Library/Frameworks/Foundation.framework; sourceTree = SDKROOT; };
		0A23FFDF16B5E99200684634 /* CoreGraphics.framework */ = {isa = PBXFileReference; lastKnownFileType = wrapper.framework; name = CoreGraphics.framework; path = System/Library/Frameworks/CoreGraphics.framework; sourceTree = SDKROOT; };
		0A23FFE316B5E99200684634 /* CardMatch-Info.plist */ = {isa = PBXFileReference; lastKnownFileType = text.plist.xml; path = "CardMatch-Info.plist"; sourceTree = "<group>"; };
		0A23FFE516B5E99200684634 /* en */ = {isa = PBXFileReference; lastKnownFileType = text.plist.strings; name = en; path = en.lproj/InfoPlist.strings; sourceTree = "<group>"; };
		0A23FFE716B5E99200684634 /* main.m */ = {isa = PBXFileReference; lastKnownFileType = sourcecode.c.objc; path = main.m; sourceTree = "<group>"; };
		0A23FFE916B5E99200684634 /* CardMatch-Prefix.pch */ = {isa = PBXFileReference; lastKnownFileType = sourcecode.c.h; path = "CardMatch-Prefix.pch"; sourceTree = "<group>"; };
		0A23FFEA16B5E99200684634 /* CardAppDelegate.h */ = {isa = PBXFileReference; lastKnownFileType = sourcecode.c.h; path = CardAppDelegate.h; sourceTree = "<group>"; };
		0A23FFEB16B5E99200684634 /* CardAppDelegate.m */ = {isa = PBXFileReference; lastKnownFileType = sourcecode.c.objc; path = CardAppDelegate.m; sourceTree = "<group>"; };
		0A23FFED16B5E99200684634 /* Default.png */ = {isa = PBXFileReference; lastKnownFileType = image.png; path = Default.png; sourceTree = "<group>"; };
		0A23FFEF16B5E99200684634 /* Default@2x.png */ = {isa = PBXFileReference; lastKnownFileType = image.png; path = "Default@2x.png"; sourceTree = "<group>"; };
		0A23FFF116B5E99200684634 /* Default-568h@2x.png */ = {isa = PBXFileReference; lastKnownFileType = image.png; path = "Default-568h@2x.png"; sourceTree = "<group>"; };
		0A23FFF416B5E99200684634 /* en */ = {isa = PBXFileReference; lastKnownFileType = file.storyboard; name = en; path = en.lproj/MainStoryboard.storyboard; sourceTree = "<group>"; };
		0A23FFF616B5E99200684634 /* CardGameViewController.h */ = {isa = PBXFileReference; lastKnownFileType = sourcecode.c.h; path = CardGameViewController.h; sourceTree = "<group>"; };
		0A23FFF716B5E99200684634 /* CardGameViewController.m */ = {isa = PBXFileReference; lastKnownFileType = sourcecode.c.objc; path = CardGameViewController.m; sourceTree = "<group>"; };
		0A23FFFE16B5EE0400684634 /* Card.h */ = {isa = PBXFileReference; fileEncoding = 4; lastKnownFileType = sourcecode.c.h; name = Card.h; path = Model/Card.h; sourceTree = "<group>"; };
		0A23FFFF16B5EE0400684634 /* Card.m */ = {isa = PBXFileReference; fileEncoding = 4; lastKnownFileType = sourcecode.c.objc; name = Card.m; path = Model/Card.m; sourceTree = "<group>"; };
		0A3FEB5216D0339D00F6472D /* card-back.png */ = {isa = PBXFileReference; lastKnownFileType = image.png; path = "card-back.png"; sourceTree = "<group>"; };
		0A3FEB5316D0339D00F6472D /* card-back@2x.png */ = {isa = PBXFileReference; lastKnownFileType = image.png; path = "card-back@2x.png"; sourceTree = "<group>"; };
		0A3FEB5416D0339D00F6472D /* club-1.png */ = {isa = PBXFileReference; lastKnownFileType = image.png; path = "club-1.png"; sourceTree = "<group>"; };
		0A3FEB5516D0339D00F6472D /* club-10.png */ = {isa = PBXFileReference; lastKnownFileType = image.png; path = "club-10.png"; sourceTree = "<group>"; };
		0A3FEB5616D0339D00F6472D /* club-10@2x.png */ = {isa = PBXFileReference; lastKnownFileType = image.png; path = "club-10@2x.png"; sourceTree = "<group>"; };
		0A3FEB5716D0339D00F6472D /* club-11.png */ = {isa = PBXFileReference; lastKnownFileType = image.png; path = "club-11.png"; sourceTree = "<group>"; };
		0A3FEB5816D0339D00F6472D /* club-11@2x.png */ = {isa = PBXFileReference; lastKnownFileType = image.png; path = "club-11@2x.png"; sourceTree = "<group>"; };
		0A3FEB5916D0339D00F6472D /* club-12.png */ = {isa = PBXFileReference; lastKnownFileType = image.png; path = "club-12.png"; sourceTree = "<group>"; };
		0A3FEB5A16D0339D00F6472D /* club-12@2x.png */ = {isa = PBXFileReference; lastKnownFileType = image.png; path = "club-12@2x.png"; sourceTree = "<group>"; };
		0A3FEB5B16D0339D00F6472D /* club-13.png */ = {isa = PBXFileReference; lastKnownFileType = image.png; path = "club-13.png"; sourceTree = "<group>"; };
		0A3FEB5C16D0339D00F6472D /* club-13@2x.png */ = {isa = PBXFileReference; lastKnownFileType = image.png; path = "club-13@2x.png"; sourceTree = "<group>"; };
		0A3FEB5D16D0339D00F6472D /* club-1@2x.png */ = {isa = PBXFileReference; lastKnownFileType = image.png; path = "club-1@2x.png"; sourceTree = "<group>"; };
		0A3FEB5E16D0339D00F6472D /* club-2.png */ = {isa = PBXFileReference; lastKnownFileType = image.png; path = "club-2.png"; sourceTree = "<group>"; };
		0A3FEB5F16D0339D00F6472D /* club-2@2x.png */ = {isa = PBXFileReference; lastKnownFileType = image.png; path = "club-2@2x.png"; sourceTree = "<group>"; };
		0A3FEB6016D0339D00F6472D /* club-3.png */ = {isa = PBXFileReference; lastKnownFileType = image.png; path = "club-3.png"; sourceTree = "<group>"; };
		0A3FEB6116D0339D00F6472D /* club-3@2x.png */ = {isa = PBXFileReference; lastKnownFileType = image.png; path = "club-3@2x.png"; sourceTree = "<group>"; };
		0A3FEB6216D0339D00F6472D /* club-4.png */ = {isa = PBXFileReference; lastKnownFileType = image.png; path = "club-4.png"; sourceTree = "<group>"; };
		0A3FEB6316D0339D00F6472D /* club-4@2x.png */ = {isa = PBXFileReference; lastKnownFileType = image.png; path = "club-4@2x.png"; sourceTree = "<group>"; };
		0A3FEB6416D0339D00F6472D /* club-5.png */ = {isa = PBXFileReference; lastKnownFileType = image.png; path = "club-5.png"; sourceTree = "<group>"; };
		0A3FEB6516D0339D00F6472D /* club-5@2x.png */ = {isa = PBXFileReference; lastKnownFileType = image.png; path = "club-5@2x.png"; sourceTree = "<group>"; };
		0A3FEB6616D0339D00F6472D /* club-6.png */ = {isa = PBXFileReference; lastKnownFileType = image.png; path = "club-6.png"; sourceTree = "<group>"; };
		0A3FEB6716D0339D00F6472D /* club-6@2x.png */ = {isa = PBXFileReference; lastKnownFileType = image.png; path = "club-6@2x.png"; sourceTree = "<group>"; };
		0A3FEB6816D0339D00F6472D /* club-7.png */ = {isa = PBXFileReference; lastKnownFileType = image.png; path = "club-7.png"; sourceTree = "<group>"; };
		0A3FEB6916D0339D00F6472D /* club-7@2x.png */ = {isa = PBXFileReference; lastKnownFileType = image.png; path = "club-7@2x.png"; sourceTree = "<group>"; };
		0A3FEB6A16D0339D00F6472D /* club-8.png */ = {isa = PBXFileReference; lastKnownFileType = image.png; path = "club-8.png"; sourceTree = "<group>"; };
		0A3FEB6B16D0339D00F6472D /* club-8@2x.png */ = {isa = PBXFileReference; lastKnownFileType = image.png; path = "club-8@2x.png"; sourceTree = "<group>"; };
		0A3FEB6C16D0339D00F6472D /* club-9.png */ = {isa = PBXFileReference; lastKnownFileType = image.png; path = "club-9.png"; sourceTree = "<group>"; };
		0A3FEB6D16D0339D00F6472D /* club-9@2x.png */ = {isa = PBXFileReference; lastKnownFileType = image.png; path = "club-9@2x.png"; sourceTree = "<group>"; };
		0A3FEB7216D0339D00F6472D /* diamond-1.png */ = {isa = PBXFileReference; lastKnownFileType = image.png; path = "diamond-1.png"; sourceTree = "<group>"; };
		0A3FEB7316D0339D00F6472D /* diamond-10.png */ = {isa = PBXFileReference; lastKnownFileType = image.png; path = "diamond-10.png"; sourceTree = "<group>"; };
		0A3FEB7416D0339D00F6472D /* diamond-10@2x.png */ = {isa = PBXFileReference; lastKnownFileType = image.png; path = "diamond-10@2x.png"; sourceTree = "<group>"; };
		0A3FEB7516D0339D00F6472D /* diamond-11.png */ = {isa = PBXFileReference; lastKnownFileType = image.png; path = "diamond-11.png"; sourceTree = "<group>"; };
		0A3FEB7616D0339D00F6472D /* diamond-11@2x.png */ = {isa = PBXFileReference; lastKnownFileType = image.png; path = "diamond-11@2x.png"; sourceTree = "<group>"; };
		0A3FEB7716D0339D00F6472D /* diamond-12.png */ = {isa = PBXFileReference; lastKnownFileType = image.png; path = "diamond-12.png"; sourceTree = "<group>"; };
		0A3FEB7816D0339D00F6472D /* diamond-12@2x.png */ = {isa = PBXFileReference; lastKnownFileType = image.png; path = "diamond-12@2x.png"; sourceTree = "<group>"; };
		0A3FEB7916D0339D00F6472D /* diamond-13.png */ = {isa = PBXFileReference; lastKnownFileType = image.png; path = "diamond-13.png"; sourceTree = "<group>"; };
		0A3FEB7A16D0339D00F6472D /* diamond-13@2x.png */ = {isa = PBXFileReference; lastKnownFileType = image.png; path = "diamond-13@2x.png"; sourceTree = "<group>"; };
		0A3FEB7B16D0339D00F6472D /* diamond-1@2x.png */ = {isa = PBXFileReference; lastKnownFileType = image.png; path = "diamond-1@2x.png"; sourceTree = "<group>"; };
		0A3FEB7C16D0339D00F6472D /* diamond-2.png */ = {isa = PBXFileReference; lastKnownFileType = image.png; path = "diamond-2.png"; sourceTree = "<group>"; };
		0A3FEB7D16D0339D00F6472D /* diamond-2@2x.png */ = {isa = PBXFileReference; lastKnownFileType = image.png; path = "diamond-2@2x.png"; sourceTree = "<group>"; };
		0A3FEB7E16D0339D00F6472D /* diamond-3.png */ = {isa = PBXFileReference; lastKnownFileType = image.png; path = "diamond-3.png"; sourceTree = "<group>"; };
		0A3FEB7F16D0339D00F6472D /* diamond-3@2x.png */ = {isa = PBXFileReference; lastKnownFileType = image.png; path = "diamond-3@2x.png"; sourceTree = "<group>"; };
		0A3FEB8016D0339D00F6472D /* diamond-4.png */ = {isa = PBXFileReference; lastKnownFileType = image.png; path = "diamond-4.png"; sourceTree = "<group>"; };
		0A3FEB8116D0339D00F6472D /* diamond-4@2x.png */ = {isa = PBXFileReference; lastKnownFileType = image.png; path = "diamond-4@2x.png"; sourceTree = "<group>"; };
		0A3FEB8216D0339D00F6472D /* diamond-5.png */ = {isa = PBXFileReference; lastKnownFileType = image.png; path = "diamond-5.png"; sourceTree = "<group>"; };
		0A3FEB8316D0339D00F6472D /* diamond-5@2x.png */ = {isa = PBXFileReference; lastKnownFileType = image.png; path = "diamond-5@2x.png"; sourceTree = "<group>"; };
		0A3FEB8416D0339D00F6472D /* diamond-6.png */ = {isa = PBXFileReference; lastKnownFileType = image.png; path = "diamond-6.png"; sourceTree = "<group>"; };
		0A3FEB8516D0339D00F6472D /* diamond-6@2x.png */ = {isa = PBXFileReference; lastKnownFileType = image.png; path = "diamond-6@2x.png"; sourceTree = "<group>"; };
		0A3FEB8616D0339D00F6472D /* diamond-7.png */ = {isa = PBXFileReference; lastKnownFileType = image.png; path = "diamond-7.png"; sourceTree = "<group>"; };
		0A3FEB8716D0339D00F6472D /* diamond-7@2x.png */ = {isa = PBXFileReference; lastKnownFileType = image.png; path = "diamond-7@2x.png"; sourceTree = "<group>"; };
		0A3FEB8816D0339D00F6472D /* diamond-8.png */ = {isa = PBXFileReference; lastKnownFileType = image.png; path = "diamond-8.png"; sourceTree = "<group>"; };
		0A3FEB8916D0339D00F6472D /* diamond-8@2x.png */ = {isa = PBXFileReference; lastKnownFileType = image.png; path = "diamond-8@2x.png"; sourceTree = "<group>"; };
		0A3FEB8A16D0339D00F6472D /* diamond-9.png */ = {isa = PBXFileReference; lastKnownFileType = image.png; path = "diamond-9.png"; sourceTree = "<group>"; };
		0A3FEB8B16D0339D00F6472D /* diamond-9@2x.png */ = {isa = PBXFileReference; lastKnownFileType = image.png; path = "diamond-9@2x.png"; sourceTree = "<group>"; };
		0A3FEB8C16D0339D00F6472D /* heart-1.png */ = {isa = PBXFileReference; lastKnownFileType = image.png; path = "heart-1.png"; sourceTree = "<group>"; };
		0A3FEB8D16D0339D00F6472D /* heart-10.png */ = {isa = PBXFileReference; lastKnownFileType = image.png; path = "heart-10.png"; sourceTree = "<group>"; };
		0A3FEB8E16D0339D00F6472D /* heart-10@2x.png */ = {isa = PBXFileReference; lastKnownFileType = image.png; path = "heart-10@2x.png"; sourceTree = "<group>"; };
		0A3FEB8F16D0339D00F6472D /* heart-11.png */ = {isa = PBXFileReference; lastKnownFileType = image.png; path = "heart-11.png"; sourceTree = "<group>"; };
		0A3FEB9016D0339D00F6472D /* heart-11@2x.png */ = {isa = PBXFileReference; lastKnownFileType = image.png; path = "heart-11@2x.png"; sourceTree = "<group>"; };
		0A3FEB9116D0339D00F6472D /* heart-12.png */ = {isa = PBXFileReference; lastKnownFileType = image.png; path = "heart-12.png"; sourceTree = "<group>"; };
		0A3FEB9216D0339D00F6472D /* heart-12@2x.png */ = {isa = PBXFileReference; lastKnownFileType = image.png; path = "heart-12@2x.png"; sourceTree = "<group>"; };
		0A3FEB9316D0339D00F6472D /* heart-13.png */ = {isa = PBXFileReference; lastKnownFileType = image.png; path = "heart-13.png"; sourceTree = "<group>"; };
		0A3FEB9416D0339D00F6472D /* heart-13@2x.png */ = {isa = PBXFileReference; lastKnownFileType = image.png; path = "heart-13@2x.png"; sourceTree = "<group>"; };
		0A3FEB9516D0339D00F6472D /* heart-1@2x.png */ = {isa = PBXFileReference; lastKnownFileType = image.png; path = "heart-1@2x.png"; sourceTree = "<group>"; };
		0A3FEB9616D0339D00F6472D /* heart-2.png */ = {isa = PBXFileReference; lastKnownFileType = image.png; path = "heart-2.png"; sourceTree = "<group>"; };
		0A3FEB9716D0339D00F6472D /* heart-2@2x.png */ = {isa = PBXFileReference; lastKnownFileType = image.png; path = "heart-2@2x.png"; sourceTree = "<group>"; };
		0A3FEB9816D0339D00F6472D /* heart-3.png */ = {isa = PBXFileReference; lastKnownFileType = image.png; path = "heart-3.png"; sourceTree = "<group>"; };
		0A3FEB9916D0339D00F6472D /* heart-3@2x.png */ = {isa = PBXFileReference; lastKnownFileType = image.png; path = "heart-3@2x.png"; sourceTree = "<group>"; };
		0A3FEB9A16D0339D00F6472D /* heart-4.png */ = {isa = PBXFileReference; lastKnownFileType = image.png; path = "heart-4.png"; sourceTree = "<group>"; };
		0A3FEB9B16D0339D00F6472D /* heart-4@2x.png */ = {isa = PBXFileReference; lastKnownFileType = image.png; path = "heart-4@2x.png"; sourceTree = "<group>"; };
		0A3FEB9C16D0339D00F6472D /* heart-5.png */ = {isa = PBXFileReference; lastKnownFileType = image.png; path = "heart-5.png"; sourceTree = "<group>"; };
		0A3FEB9D16D0339D00F6472D /* heart-5@2x.png */ = {isa = PBXFileReference; lastKnownFileType = image.png; path = "heart-5@2x.png"; sourceTree = "<group>"; };
		0A3FEB9E16D0339D00F6472D /* heart-6.png */ = {isa = PBXFileReference; lastKnownFileType = image.png; path = "heart-6.png"; sourceTree = "<group>"; };
		0A3FEB9F16D0339D00F6472D /* heart-6@2x.png */ = {isa = PBXFileReference; lastKnownFileType = image.png; path = "heart-6@2x.png"; sourceTree = "<group>"; };
		0A3FEBA016D0339D00F6472D /* heart-7.png */ = {isa = PBXFileReference; lastKnownFileType = image.png; path = "heart-7.png"; sourceTree = "<group>"; };
		0A3FEBA116D0339D00F6472D /* heart-7@2x.png */ = {isa = PBXFileReference; lastKnownFileType = image.png; path = "heart-7@2x.png"; sourceTree = "<group>"; };
		0A3FEBA216D0339D00F6472D /* heart-8.png */ = {isa = PBXFileReference; lastKnownFileType = image.png; path = "heart-8.png"; sourceTree = "<group>"; };
		0A3FEBA316D0339D00F6472D /* heart-8@2x.png */ = {isa = PBXFileReference; lastKnownFileType = image.png; path = "heart-8@2x.png"; sourceTree = "<group>"; };
		0A3FEBA416D0339D00F6472D /* heart-9.png */ = {isa = PBXFileReference; lastKnownFileType = image.png; path = "heart-9.png"; sourceTree = "<group>"; };
		0A3FEBA516D0339D00F6472D /* heart-9@2x.png */ = {isa = PBXFileReference; lastKnownFileType = image.png; path = "heart-9@2x.png"; sourceTree = "<group>"; };
		0A3FEBA616D0339D00F6472D /* spade-1.png */ = {isa = PBXFileReference; lastKnownFileType = image.png; path = "spade-1.png"; sourceTree = "<group>"; };
		0A3FEBA716D0339D00F6472D /* spade-10.png */ = {isa = PBXFileReference; lastKnownFileType = image.png; path = "spade-10.png"; sourceTree = "<group>"; };
		0A3FEBA816D0339D00F6472D /* spade-10@2x.png */ = {isa = PBXFileReference; lastKnownFileType = image.png; path = "spade-10@2x.png"; sourceTree = "<group>"; };
		0A3FEBA916D0339D00F6472D /* spade-11.png */ = {isa = PBXFileReference; lastKnownFileType = image.png; path = "spade-11.png"; sourceTree = "<group>"; };
		0A3FEBAA16D0339D00F6472D /* spade-11@2x.png */ = {isa = PBXFileReference; lastKnownFileType = image.png; path = "spade-11@2x.png"; sourceTree = "<group>"; };
		0A3FEBAB16D0339D00F6472D /* spade-12.png */ = {isa = PBXFileReference; lastKnownFileType = image.png; path = "spade-12.png"; sourceTree = "<group>"; };
		0A3FEBAC16D0339D00F6472D /* spade-12@2x.png */ = {isa = PBXFileReference; lastKnownFileType = image.png; path = "spade-12@2x.png"; sourceTree = "<group>"; };
		0A3FEBAD16D0339D00F6472D /* spade-13.png */ = {isa = PBXFileReference; lastKnownFileType = image.png; path = "spade-13.png"; sourceTree = "<group>"; };
		0A3FEBAE16D0339D00F6472D /* spade-13@2x.png */ = {isa = PBXFileReference; lastKnownFileType = image.png; path = "spade-13@2x.png"; sourceTree = "<group>"; };
		0A3FEBAF16D0339D00F6472D /* spade-1@2x.png */ = {isa = PBXFileReference; lastKnownFileType = image.png; path = "spade-1@2x.png"; sourceTree = "<group>"; };
		0A3FEBB016D0339D00F6472D /* spade-2.png */ = {isa = PBXFileReference; lastKnownFileType = image.png; path = "spade-2.png"; sourceTree = "<group>"; };
		0A3FEBB116D0339D00F6472D /* spade-2@2x.png */ = {isa = PBXFileReference; lastKnownFileType = image.png; path = "spade-2@2x.png"; sourceTree = "<group>"; };
		0A3FEBB216D0339D00F6472D /* spade-3.png */ = {isa = PBXFileReference; lastKnownFileType = image.png; path = "spade-3.png"; sourceTree = "<group>"; };
		0A3FEBB316D0339D00F6472D /* spade-3@2x.png */ = {isa = PBXFileReference; lastKnownFileType = image.png; path = "spade-3@2x.png"; sourceTree = "<group>"; };
		0A3FEBB416D0339D00F6472D /* spade-4.png */ = {isa = PBXFileReference; lastKnownFileType = image.png; path = "spade-4.png"; sourceTree = "<group>"; };
		0A3FEBB516D0339D00F6472D /* spade-4@2x.png */ = {isa = PBXFileReference; lastKnownFileType = image.png; path = "spade-4@2x.png"; sourceTree = "<group>"; };
		0A3FEBB616D0339D00F6472D /* spade-5.png */ = {isa = PBXFileReference; lastKnownFileType = image.png; path = "spade-5.png"; sourceTree = "<group>"; };
		0A3FEBB716D0339D00F6472D /* spade-5@2x.png */ = {isa = PBXFileReference; lastKnownFileType = image.png; path = "spade-5@2x.png"; sourceTree = "<group>"; };
		0A3FEBB816D0339D00F6472D /* spade-6.png */ = {isa = PBXFileReference; lastKnownFileType = image.png; path = "spade-6.png"; sourceTree = "<group>"; };
		0A3FEBB916D0339D00F6472D /* spade-6@2x.png */ = {isa = PBXFileReference; lastKnownFileType = image.png; path = "spade-6@2x.png"; sourceTree = "<group>"; };
		0A3FEBBA16D0339D00F6472D /* spade-7.png */ = {isa = PBXFileReference; lastKnownFileType = image.png; path = "spade-7.png"; sourceTree = "<group>"; };
		0A3FEBBB16D0339D00F6472D /* spade-7@2x.png */ = {isa = PBXFileReference; lastKnownFileType = image.png; path = "spade-7@2x.png"; sourceTree = "<group>"; };
		0A3FEBBC16D0339D00F6472D /* spade-8.png */ = {isa = PBXFileReference; lastKnownFileType = image.png; path = "spade-8.png"; sourceTree = "<group>"; };
		0A3FEBBD16D0339D00F6472D /* spade-8@2x.png */ = {isa = PBXFileReference; lastKnownFileType = image.png; path = "spade-8@2x.png"; sourceTree = "<group>"; };
		0A3FEBBE16D0339D00F6472D /* spade-9.png */ = {isa = PBXFileReference; lastKnownFileType = image.png; path = "spade-9.png"; sourceTree = "<group>"; };
		0A3FEBBF16D0339D00F6472D /* spade-9@2x.png */ = {isa = PBXFileReference; lastKnownFileType = image.png; path = "spade-9@2x.png"; sourceTree = "<group>"; };
		0A4B06D716C4B07600FEB539 /* card-red.jpg */ = {isa = PBXFileReference; lastKnownFileType = image.jpeg; path = "card-red.jpg"; sourceTree = "<group>"; };
		0A637DE016C83F8900AA27D7 /* SetCard.h */ = {isa = PBXFileReference; fileEncoding = 4; lastKnownFileType = sourcecode.c.h; name = SetCard.h; path = Model/SetCard.h; sourceTree = "<group>"; };
		0A637DE116C83F8900AA27D7 /* SetCard.m */ = {isa = PBXFileReference; fileEncoding = 4; lastKnownFileType = sourcecode.c.objc; name = SetCard.m; path = Model/SetCard.m; sourceTree = "<group>"; };
		0A637DE316C8410500AA27D7 /* SetCardViewController.h */ = {isa = PBXFileReference; fileEncoding = 4; lastKnownFileType = sourcecode.c.h; path = SetCardViewController.h; sourceTree = "<group>"; };
		0A637DE416C8410500AA27D7 /* SetCardViewController.m */ = {isa = PBXFileReference; fileEncoding = 4; lastKnownFileType = sourcecode.c.objc; path = SetCardViewController.m; sourceTree = "<group>"; };
		0A637DE616C842A200AA27D7 /* CardGame.h */ = {isa = PBXFileReference; fileEncoding = 4; indentWidth = 4; lastKnownFileType = sourcecode.c.h; path = CardGame.h; sourceTree = "<group>"; tabWidth = 4; usesTabs = 0; wrapsLines = 1; };
		0A637DE716C842A200AA27D7 /* CardGame.m */ = {isa = PBXFileReference; fileEncoding = 4; indentWidth = 4; lastKnownFileType = sourcecode.c.objc; path = CardGame.m; sourceTree = "<group>"; tabWidth = 4; usesTabs = 0; wrapsLines = 1; };
		0A637DE916C842E800AA27D7 /* SetCardGame.h */ = {isa = PBXFileReference; fileEncoding = 4; lastKnownFileType = sourcecode.c.h; path = SetCardGame.h; sourceTree = "<group>"; };
		0A637DEA16C842E800AA27D7 /* SetCardGame.m */ = {isa = PBXFileReference; fileEncoding = 4; lastKnownFileType = sourcecode.c.objc; path = SetCardGame.m; sourceTree = "<group>"; };
		0A637DEC16C8433200AA27D7 /* SetDeck.h */ = {isa = PBXFileReference; fileEncoding = 4; lastKnownFileType = sourcecode.c.h; name = SetDeck.h; path = Model/SetDeck.h; sourceTree = "<group>"; };
		0A637DED16C8433200AA27D7 /* SetDeck.m */ = {isa = PBXFileReference; fileEncoding = 4; lastKnownFileType = sourcecode.c.objc; name = SetDeck.m; path = Model/SetDeck.m; sourceTree = "<group>"; };
		0A7772EA16C4B7D400FC1926 /* GameResult.h */ = {isa = PBXFileReference; fileEncoding = 4; lastKnownFileType = sourcecode.c.h; name = GameResult.h; path = Model/GameResult.h; sourceTree = "<group>"; };
		0A7772EB16C4B7D400FC1926 /* GameResult.m */ = {isa = PBXFileReference; fileEncoding = 4; lastKnownFileType = sourcecode.c.objc; name = GameResult.m; path = Model/GameResult.m; sourceTree = "<group>"; };
/* End PBXFileReference section */

/* Begin PBXFrameworksBuildPhase section */
		0A23FFD416B5E99200684634 /* Frameworks */ = {
			isa = PBXFrameworksBuildPhase;
			buildActionMask = 2147483647;
			files = (
				0A23FFDC16B5E99200684634 /* UIKit.framework in Frameworks */,
				0A23FFDE16B5E99200684634 /* Foundation.framework in Frameworks */,
				0A23FFE016B5E99200684634 /* CoreGraphics.framework in Frameworks */,
			);
			runOnlyForDeploymentPostprocessing = 0;
		};
/* End PBXFrameworksBuildPhase section */

/* Begin PBXGroup section */
		0A01439E16BD986600EA7592 /* Resources */ = {
			isa = PBXGroup;
			children = (
				0A3FEB5116D0339D00F6472D /* cardimages */,
				0A0143A016BD987300EA7592 /* Background */,
				0A01439F16BD986D00EA7592 /* Card */,
			);
			name = Resources;
			sourceTree = "<group>";
		};
		0A01439F16BD986D00EA7592 /* Card */ = {
			isa = PBXGroup;
			children = (
				0A4B06D716C4B07600FEB539 /* card-red.jpg */,
				0A0A203216BB8C75004FD749 /* red-card-2.png */,
				0A0A203016BB8C38004FD749 /* red-card.jpeg */,
				0A0A202E16BB896D004FD749 /* blue-card.jpeg */,
			);
			name = Card;
			sourceTree = "<group>";
		};
		0A0143A016BD987300EA7592 /* Background */ = {
			isa = PBXGroup;
			children = (
				0A0143A116BD98AA00EA7592 /* dark-abstract.jpg */,
				0A0143A216BD98AA00EA7592 /* dark-holes.jpg */,
				0A0143A316BD98AA00EA7592 /* section.png */,
				0A0143A416BD98AA00EA7592 /* springboard.jpg */,
			);
			name = Background;
			sourceTree = "<group>";
		};
		0A23000116B5EEE300684634 /* Model */ = {
			isa = PBXGroup;
			children = (
				0A23FFFE16B5EE0400684634 /* Card.h */,
				0A23FFFF16B5EE0400684634 /* Card.m */,
				0A23000216B5EF8D00684634 /* Deck.h */,
				0A23000316B5EF8D00684634 /* Deck.m */,
				0A23000516B5F43F00684634 /* PLayingCard.h */,
				0A23000616B5F43F00684634 /* PLayingCard.m */,
				0A23000816B5F7D100684634 /* PlayingCardDeck.h */,
				0A23000916B5F7D100684634 /* PlayingCardDeck.m */,
				0A637DE616C842A200AA27D7 /* CardGame.h */,
				0A637DE716C842A200AA27D7 /* CardGame.m */,
				0A14A19016BA21BB00C77C15 /* CardMatchingGame.h */,
				0A14A19116BA21BB00C77C15 /* CardMatchingGame.m */,
				0A637DE016C83F8900AA27D7 /* SetCard.h */,
				0A637DE116C83F8900AA27D7 /* SetCard.m */,
				0A637DEC16C8433200AA27D7 /* SetDeck.h */,
				0A637DED16C8433200AA27D7 /* SetDeck.m */,
				0A637DE916C842E800AA27D7 /* SetCardGame.h */,
				0A637DEA16C842E800AA27D7 /* SetCardGame.m */,
				0A7772EA16C4B7D400FC1926 /* GameResult.h */,
				0A7772EB16C4B7D400FC1926 /* GameResult.m */,
			);
			name = Model;
			path = CardMatch;
			sourceTree = "<group>";
		};
		0A23FFCC16B5E99200684634 = {
			isa = PBXGroup;
			children = (
				0A01439E16BD986600EA7592 /* Resources */,
				0A23000116B5EEE300684634 /* Model */,
				0A23FFE116B5E99200684634 /* CardMatch */,
				0A23FFDA16B5E99200684634 /* Frameworks */,
				0A23FFD816B5E99200684634 /* Products */,
			);
			sourceTree = "<group>";
		};
		0A23FFD816B5E99200684634 /* Products */ = {
			isa = PBXGroup;
			children = (
				0A23FFD716B5E99200684634 /* CardMatch.app */,
			);
			name = Products;
			sourceTree = "<group>";
		};
		0A23FFDA16B5E99200684634 /* Frameworks */ = {
			isa = PBXGroup;
			children = (
				0A23FFDB16B5E99200684634 /* UIKit.framework */,
				0A23FFDD16B5E99200684634 /* Foundation.framework */,
				0A23FFDF16B5E99200684634 /* CoreGraphics.framework */,
			);
			name = Frameworks;
			sourceTree = "<group>";
		};
		0A23FFE116B5E99200684634 /* CardMatch */ = {
			isa = PBXGroup;
			children = (
				0A23FFF316B5E99200684634 /* MainStoryboard.storyboard */,
				0A637DE316C8410500AA27D7 /* SetCardViewController.h */,
				0A637DE416C8410500AA27D7 /* SetCardViewController.m */,
				0A00560816C4B45300877925 /* GameResultViewController.h */,
				0A00560916C4B45300877925 /* GameResultViewController.m */,
				0A23FFF616B5E99200684634 /* CardGameViewController.h */,
				0A23FFF716B5E99200684634 /* CardGameViewController.m */,
				0A23FFE216B5E99200684634 /* Supporting Files */,
			);
			path = CardMatch;
			sourceTree = "<group>";
		};
		0A23FFE216B5E99200684634 /* Supporting Files */ = {
			isa = PBXGroup;
			children = (
				0A23FFEA16B5E99200684634 /* CardAppDelegate.h */,
				0A23FFEB16B5E99200684634 /* CardAppDelegate.m */,
				0A23FFE316B5E99200684634 /* CardMatch-Info.plist */,
				0A23FFE416B5E99200684634 /* InfoPlist.strings */,
				0A23FFE716B5E99200684634 /* main.m */,
				0A23FFE916B5E99200684634 /* CardMatch-Prefix.pch */,
				0A23FFED16B5E99200684634 /* Default.png */,
				0A23FFEF16B5E99200684634 /* Default@2x.png */,
				0A23FFF116B5E99200684634 /* Default-568h@2x.png */,
			);
			name = "Supporting Files";
			sourceTree = "<group>";
		};
		0A3FEB5116D0339D00F6472D /* cardimages */ = {
			isa = PBXGroup;
			children = (
				0A3FEB5216D0339D00F6472D /* card-back.png */,
				0A3FEB5316D0339D00F6472D /* card-back@2x.png */,
				0A3FEB5416D0339D00F6472D /* club-1.png */,
				0A3FEB5516D0339D00F6472D /* club-10.png */,
				0A3FEB5616D0339D00F6472D /* club-10@2x.png */,
				0A3FEB5716D0339D00F6472D /* club-11.png */,
				0A3FEB5816D0339D00F6472D /* club-11@2x.png */,
				0A3FEB5916D0339D00F6472D /* club-12.png */,
				0A3FEB5A16D0339D00F6472D /* club-12@2x.png */,
				0A3FEB5B16D0339D00F6472D /* club-13.png */,
				0A3FEB5C16D0339D00F6472D /* club-13@2x.png */,
				0A3FEB5D16D0339D00F6472D /* club-1@2x.png */,
				0A3FEB5E16D0339D00F6472D /* club-2.png */,
				0A3FEB5F16D0339D00F6472D /* club-2@2x.png */,
				0A3FEB6016D0339D00F6472D /* club-3.png */,
				0A3FEB6116D0339D00F6472D /* club-3@2x.png */,
				0A3FEB6216D0339D00F6472D /* club-4.png */,
				0A3FEB6316D0339D00F6472D /* club-4@2x.png */,
				0A3FEB6416D0339D00F6472D /* club-5.png */,
				0A3FEB6516D0339D00F6472D /* club-5@2x.png */,
				0A3FEB6616D0339D00F6472D /* club-6.png */,
				0A3FEB6716D0339D00F6472D /* club-6@2x.png */,
				0A3FEB6816D0339D00F6472D /* club-7.png */,
				0A3FEB6916D0339D00F6472D /* club-7@2x.png */,
				0A3FEB6A16D0339D00F6472D /* club-8.png */,
				0A3FEB6B16D0339D00F6472D /* club-8@2x.png */,
				0A3FEB6C16D0339D00F6472D /* club-9.png */,
				0A3FEB6D16D0339D00F6472D /* club-9@2x.png */,
				0A3FEB7216D0339D00F6472D /* diamond-1.png */,
				0A3FEB7316D0339D00F6472D /* diamond-10.png */,
				0A3FEB7416D0339D00F6472D /* diamond-10@2x.png */,
				0A3FEB7516D0339D00F6472D /* diamond-11.png */,
				0A3FEB7616D0339D00F6472D /* diamond-11@2x.png */,
				0A3FEB7716D0339D00F6472D /* diamond-12.png */,
				0A3FEB7816D0339D00F6472D /* diamond-12@2x.png */,
				0A3FEB7916D0339D00F6472D /* diamond-13.png */,
				0A3FEB7A16D0339D00F6472D /* diamond-13@2x.png */,
				0A3FEB7B16D0339D00F6472D /* diamond-1@2x.png */,
				0A3FEB7C16D0339D00F6472D /* diamond-2.png */,
				0A3FEB7D16D0339D00F6472D /* diamond-2@2x.png */,
				0A3FEB7E16D0339D00F6472D /* diamond-3.png */,
				0A3FEB7F16D0339D00F6472D /* diamond-3@2x.png */,
				0A3FEB8016D0339D00F6472D /* diamond-4.png */,
				0A3FEB8116D0339D00F6472D /* diamond-4@2x.png */,
				0A3FEB8216D0339D00F6472D /* diamond-5.png */,
				0A3FEB8316D0339D00F6472D /* diamond-5@2x.png */,
				0A3FEB8416D0339D00F6472D /* diamond-6.png */,
				0A3FEB8516D0339D00F6472D /* diamond-6@2x.png */,
				0A3FEB8616D0339D00F6472D /* diamond-7.png */,
				0A3FEB8716D0339D00F6472D /* diamond-7@2x.png */,
				0A3FEB8816D0339D00F6472D /* diamond-8.png */,
				0A3FEB8916D0339D00F6472D /* diamond-8@2x.png */,
				0A3FEB8A16D0339D00F6472D /* diamond-9.png */,
				0A3FEB8B16D0339D00F6472D /* diamond-9@2x.png */,
				0A3FEB8C16D0339D00F6472D /* heart-1.png */,
				0A3FEB8D16D0339D00F6472D /* heart-10.png */,
				0A3FEB8E16D0339D00F6472D /* heart-10@2x.png */,
				0A3FEB8F16D0339D00F6472D /* heart-11.png */,
				0A3FEB9016D0339D00F6472D /* heart-11@2x.png */,
				0A3FEB9116D0339D00F6472D /* heart-12.png */,
				0A3FEB9216D0339D00F6472D /* heart-12@2x.png */,
				0A3FEB9316D0339D00F6472D /* heart-13.png */,
				0A3FEB9416D0339D00F6472D /* heart-13@2x.png */,
				0A3FEB9516D0339D00F6472D /* heart-1@2x.png */,
				0A3FEB9616D0339D00F6472D /* heart-2.png */,
				0A3FEB9716D0339D00F6472D /* heart-2@2x.png */,
				0A3FEB9816D0339D00F6472D /* heart-3.png */,
				0A3FEB9916D0339D00F6472D /* heart-3@2x.png */,
				0A3FEB9A16D0339D00F6472D /* heart-4.png */,
				0A3FEB9B16D0339D00F6472D /* heart-4@2x.png */,
				0A3FEB9C16D0339D00F6472D /* heart-5.png */,
				0A3FEB9D16D0339D00F6472D /* heart-5@2x.png */,
				0A3FEB9E16D0339D00F6472D /* heart-6.png */,
				0A3FEB9F16D0339D00F6472D /* heart-6@2x.png */,
				0A3FEBA016D0339D00F6472D /* heart-7.png */,
				0A3FEBA116D0339D00F6472D /* heart-7@2x.png */,
				0A3FEBA216D0339D00F6472D /* heart-8.png */,
				0A3FEBA316D0339D00F6472D /* heart-8@2x.png */,
				0A3FEBA416D0339D00F6472D /* heart-9.png */,
				0A3FEBA516D0339D00F6472D /* heart-9@2x.png */,
				0A3FEBA616D0339D00F6472D /* spade-1.png */,
				0A3FEBA716D0339D00F6472D /* spade-10.png */,
				0A3FEBA816D0339D00F6472D /* spade-10@2x.png */,
				0A3FEBA916D0339D00F6472D /* spade-11.png */,
				0A3FEBAA16D0339D00F6472D /* spade-11@2x.png */,
				0A3FEBAB16D0339D00F6472D /* spade-12.png */,
				0A3FEBAC16D0339D00F6472D /* spade-12@2x.png */,
				0A3FEBAD16D0339D00F6472D /* spade-13.png */,
				0A3FEBAE16D0339D00F6472D /* spade-13@2x.png */,
				0A3FEBAF16D0339D00F6472D /* spade-1@2x.png */,
				0A3FEBB016D0339D00F6472D /* spade-2.png */,
				0A3FEBB116D0339D00F6472D /* spade-2@2x.png */,
				0A3FEBB216D0339D00F6472D /* spade-3.png */,
				0A3FEBB316D0339D00F6472D /* spade-3@2x.png */,
				0A3FEBB416D0339D00F6472D /* spade-4.png */,
				0A3FEBB516D0339D00F6472D /* spade-4@2x.png */,
				0A3FEBB616D0339D00F6472D /* spade-5.png */,
				0A3FEBB716D0339D00F6472D /* spade-5@2x.png */,
				0A3FEBB816D0339D00F6472D /* spade-6.png */,
				0A3FEBB916D0339D00F6472D /* spade-6@2x.png */,
				0A3FEBBA16D0339D00F6472D /* spade-7.png */,
				0A3FEBBB16D0339D00F6472D /* spade-7@2x.png */,
				0A3FEBBC16D0339D00F6472D /* spade-8.png */,
				0A3FEBBD16D0339D00F6472D /* spade-8@2x.png */,
				0A3FEBBE16D0339D00F6472D /* spade-9.png */,
				0A3FEBBF16D0339D00F6472D /* spade-9@2x.png */,
			);
			path = cardimages;
			sourceTree = "<group>";
		};
/* End PBXGroup section */

/* Begin PBXNativeTarget section */
		0A23FFD616B5E99200684634 /* CardMatch */ = {
			isa = PBXNativeTarget;
			buildConfigurationList = 0A23FFFB16B5E99200684634 /* Build configuration list for PBXNativeTarget "CardMatch" */;
			buildPhases = (
				0A23FFD316B5E99200684634 /* Sources */,
				0A23FFD416B5E99200684634 /* Frameworks */,
				0A23FFD516B5E99200684634 /* Resources */,
			);
			buildRules = (
			);
			dependencies = (
			);
			name = CardMatch;
			productName = CardMatch;
			productReference = 0A23FFD716B5E99200684634 /* CardMatch.app */;
			productType = "com.apple.product-type.application";
		};
/* End PBXNativeTarget section */

/* Begin PBXProject section */
		0A23FFCE16B5E99200684634 /* Project object */ = {
			isa = PBXProject;
			attributes = {
				CLASSPREFIX = Card;
				LastUpgradeCheck = 0450;
				ORGANIZATIONNAME = "Jorn Nordahl";
			};
			buildConfigurationList = 0A23FFD116B5E99200684634 /* Build configuration list for PBXProject "CardMatch" */;
			compatibilityVersion = "Xcode 3.2";
			developmentRegion = English;
			hasScannedForEncodings = 0;
			knownRegions = (
				en,
			);
			mainGroup = 0A23FFCC16B5E99200684634;
			productRefGroup = 0A23FFD816B5E99200684634 /* Products */;
			projectDirPath = "";
			projectRoot = "";
			targets = (
				0A23FFD616B5E99200684634 /* CardMatch */,
			);
		};
/* End PBXProject section */

/* Begin PBXResourcesBuildPhase section */
		0A23FFD516B5E99200684634 /* Resources */ = {
			isa = PBXResourcesBuildPhase;
			buildActionMask = 2147483647;
			files = (
				0A23FFE616B5E99200684634 /* InfoPlist.strings in Resources */,
				0A23FFEE16B5E99200684634 /* Default.png in Resources */,
				0A23FFF016B5E99200684634 /* Default@2x.png in Resources */,
				0A23FFF216B5E99200684634 /* Default-568h@2x.png in Resources */,
				0A23FFF516B5E99200684634 /* MainStoryboard.storyboard in Resources */,
				0A0A202F16BB896E004FD749 /* blue-card.jpeg in Resources */,
				0A0A203116BB8C38004FD749 /* red-card.jpeg in Resources */,
				0A0A203316BB8C76004FD749 /* red-card-2.png in Resources */,
				0A0143A516BD98AA00EA7592 /* dark-abstract.jpg in Resources */,
				0A0143A616BD98AA00EA7592 /* dark-holes.jpg in Resources */,
				0A0143A716BD98AA00EA7592 /* section.png in Resources */,
				0A0143A816BD98AA00EA7592 /* springboard.jpg in Resources */,
				0A4B06D816C4B07600FEB539 /* card-red.jpg in Resources */,
				0A3FEBC016D0339D00F6472D /* card-back.png in Resources */,
				0A3FEBC116D0339D00F6472D /* card-back@2x.png in Resources */,
				0A3FEBC216D0339D00F6472D /* club-1.png in Resources */,
				0A3FEBC316D0339D00F6472D /* club-10.png in Resources */,
				0A3FEBC416D0339D00F6472D /* club-10@2x.png in Resources */,
				0A3FEBC516D0339D00F6472D /* club-11.png in Resources */,
				0A3FEBC616D0339D00F6472D /* club-11@2x.png in Resources */,
				0A3FEBC716D0339D00F6472D /* club-12.png in Resources */,
				0A3FEBC816D0339D00F6472D /* club-12@2x.png in Resources */,
				0A3FEBC916D0339D00F6472D /* club-13.png in Resources */,
				0A3FEBCA16D0339D00F6472D /* club-13@2x.png in Resources */,
				0A3FEBCB16D0339D00F6472D /* club-1@2x.png in Resources */,
				0A3FEBCC16D0339D00F6472D /* club-2.png in Resources */,
				0A3FEBCD16D0339D00F6472D /* club-2@2x.png in Resources */,
				0A3FEBCE16D0339D00F6472D /* club-3.png in Resources */,
				0A3FEBCF16D0339D00F6472D /* club-3@2x.png in Resources */,
				0A3FEBD016D0339D00F6472D /* club-4.png in Resources */,
				0A3FEBD116D0339D00F6472D /* club-4@2x.png in Resources */,
				0A3FEBD216D0339D00F6472D /* club-5.png in Resources */,
				0A3FEBD316D0339D00F6472D /* club-5@2x.png in Resources */,
				0A3FEBD416D0339D00F6472D /* club-6.png in Resources */,
				0A3FEBD516D0339D00F6472D /* club-6@2x.png in Resources */,
				0A3FEBD616D0339D00F6472D /* club-7.png in Resources */,
				0A3FEBD716D0339D00F6472D /* club-7@2x.png in Resources */,
				0A3FEBD816D0339D00F6472D /* club-8.png in Resources */,
				0A3FEBD916D0339D00F6472D /* club-8@2x.png in Resources */,
				0A3FEBDA16D0339D00F6472D /* club-9.png in Resources */,
				0A3FEBDB16D0339D00F6472D /* club-9@2x.png in Resources */,
				0A3FEBDF16D0339D00F6472D /* diamond-1.png in Resources */,
				0A3FEBE016D0339D00F6472D /* diamond-10.png in Resources */,
				0A3FEBE116D0339D00F6472D /* diamond-10@2x.png in Resources */,
				0A3FEBE216D0339D00F6472D /* diamond-11.png in Resources */,
				0A3FEBE316D0339D00F6472D /* diamond-11@2x.png in Resources */,
				0A3FEBE416D0339D00F6472D /* diamond-12.png in Resources */,
				0A3FEBE516D0339D00F6472D /* diamond-12@2x.png in Resources */,
				0A3FEBE616D0339D00F6472D /* diamond-13.png in Resources */,
				0A3FEBE716D0339D00F6472D /* diamond-13@2x.png in Resources */,
				0A3FEBE816D0339D00F6472D /* diamond-1@2x.png in Resources */,
				0A3FEBE916D0339D00F6472D /* diamond-2.png in Resources */,
				0A3FEBEA16D0339D00F6472D /* diamond-2@2x.png in Resources */,
				0A3FEBEB16D0339D00F6472D /* diamond-3.png in Resources */,
				0A3FEBEC16D0339D00F6472D /* diamond-3@2x.png in Resources */,
				0A3FEBED16D0339D00F6472D /* diamond-4.png in Resources */,
				0A3FEBEE16D0339D00F6472D /* diamond-4@2x.png in Resources */,
				0A3FEBEF16D0339D00F6472D /* diamond-5.png in Resources */,
				0A3FEBF016D0339D00F6472D /* diamond-5@2x.png in Resources */,
				0A3FEBF116D0339D00F6472D /* diamond-6.png in Resources */,
				0A3FEBF216D0339D00F6472D /* diamond-6@2x.png in Resources */,
				0A3FEBF316D0339D00F6472D /* diamond-7.png in Resources */,
				0A3FEBF416D0339D00F6472D /* diamond-7@2x.png in Resources */,
				0A3FEBF516D0339D00F6472D /* diamond-8.png in Resources */,
				0A3FEBF616D0339D00F6472D /* diamond-8@2x.png in Resources */,
				0A3FEBF716D0339D00F6472D /* diamond-9.png in Resources */,
				0A3FEBF816D0339D00F6472D /* diamond-9@2x.png in Resources */,
				0A3FEBF916D0339D00F6472D /* heart-1.png in Resources */,
				0A3FEBFA16D0339D00F6472D /* heart-10.png in Resources */,
				0A3FEBFB16D0339D00F6472D /* heart-10@2x.png in Resources */,
				0A3FEBFC16D0339D00F6472D /* heart-11.png in Resources */,
				0A3FEBFD16D0339D00F6472D /* heart-11@2x.png in Resources */,
				0A3FEBFE16D0339D00F6472D /* heart-12.png in Resources */,
				0A3FEBFF16D0339D00F6472D /* heart-12@2x.png in Resources */,
				0A3FEC0016D0339D00F6472D /* heart-13.png in Resources */,
				0A3FEC0116D0339D00F6472D /* heart-13@2x.png in Resources */,
				0A3FEC0216D0339D00F6472D /* heart-1@2x.png in Resources */,
				0A3FEC0316D0339D00F6472D /* heart-2.png in Resources */,
				0A3FEC0416D0339D00F6472D /* heart-2@2x.png in Resources */,
				0A3FEC0516D0339D00F6472D /* heart-3.png in Resources */,
				0A3FEC0616D0339D00F6472D /* heart-3@2x.png in Resources */,
				0A3FEC0716D0339D00F6472D /* heart-4.png in Resources */,
				0A3FEC0816D0339D00F6472D /* heart-4@2x.png in Resources */,
				0A3FEC0916D0339D00F6472D /* heart-5.png in Resources */,
				0A3FEC0A16D0339D00F6472D /* heart-5@2x.png in Resources */,
				0A3FEC0B16D0339D00F6472D /* heart-6.png in Resources */,
				0A3FEC0C16D0339D00F6472D /* heart-6@2x.png in Resources */,
				0A3FEC0D16D0339D00F6472D /* heart-7.png in Resources */,
				0A3FEC0E16D0339D00F6472D /* heart-7@2x.png in Resources */,
				0A3FEC0F16D0339D00F6472D /* heart-8.png in Resources */,
				0A3FEC1016D0339D00F6472D /* heart-8@2x.png in Resources */,
				0A3FEC1116D0339D00F6472D /* heart-9.png in Resources */,
				0A3FEC1216D0339D00F6472D /* heart-9@2x.png in Resources */,
				0A3FEC1316D0339D00F6472D /* spade-1.png in Resources */,
				0A3FEC1416D0339D00F6472D /* spade-10.png in Resources */,
				0A3FEC1516D0339D00F6472D /* spade-10@2x.png in Resources */,
				0A3FEC1616D0339D00F6472D /* spade-11.png in Resources */,
				0A3FEC1716D0339D00F6472D /* spade-11@2x.png in Resources */,
				0A3FEC1816D0339D00F6472D /* spade-12.png in Resources */,
				0A3FEC1916D0339D00F6472D /* spade-12@2x.png in Resources */,
				0A3FEC1A16D0339D00F6472D /* spade-13.png in Resources */,
				0A3FEC1B16D0339D00F6472D /* spade-13@2x.png in Resources */,
				0A3FEC1C16D0339D00F6472D /* spade-1@2x.png in Resources */,
				0A3FEC1D16D0339D00F6472D /* spade-2.png in Resources */,
				0A3FEC1E16D0339D00F6472D /* spade-2@2x.png in Resources */,
				0A3FEC1F16D0339D00F6472D /* spade-3.png in Resources */,
				0A3FEC2016D0339D00F6472D /* spade-3@2x.png in Resources */,
				0A3FEC2116D0339D00F6472D /* spade-4.png in Resources */,
				0A3FEC2216D0339D00F6472D /* spade-4@2x.png in Resources */,
				0A3FEC2316D0339D00F6472D /* spade-5.png in Resources */,
				0A3FEC2416D0339D00F6472D /* spade-5@2x.png in Resources */,
				0A3FEC2516D0339D00F6472D /* spade-6.png in Resources */,
				0A3FEC2616D0339D00F6472D /* spade-6@2x.png in Resources */,
				0A3FEC2716D0339D00F6472D /* spade-7.png in Resources */,
				0A3FEC2816D0339D00F6472D /* spade-7@2x.png in Resources */,
				0A3FEC2916D0339D00F6472D /* spade-8.png in Resources */,
				0A3FEC2A16D0339D00F6472D /* spade-8@2x.png in Resources */,
				0A3FEC2B16D0339D00F6472D /* spade-9.png in Resources */,
				0A3FEC2C16D0339D00F6472D /* spade-9@2x.png in Resources */,
			);
			runOnlyForDeploymentPostprocessing = 0;
		};
/* End PBXResourcesBuildPhase section */

/* Begin PBXSourcesBuildPhase section */
		0A23FFD316B5E99200684634 /* Sources */ = {
			isa = PBXSourcesBuildPhase;
			buildActionMask = 2147483647;
			files = (
				0A23FFE816B5E99200684634 /* main.m in Sources */,
				0A23FFEC16B5E99200684634 /* CardAppDelegate.m in Sources */,
				0A23FFF816B5E99200684634 /* CardGameViewController.m in Sources */,
				0A23000016B5EE0400684634 /* Card.m in Sources */,
				0A23000416B5EF8D00684634 /* Deck.m in Sources */,
				0A23000716B5F44000684634 /* PLayingCard.m in Sources */,
				0A23000A16B5F7D100684634 /* PlayingCardDeck.m in Sources */,
				0A14A19216BA21BB00C77C15 /* CardMatchingGame.m in Sources */,
				0A00560A16C4B45300877925 /* GameResultViewController.m in Sources */,
				0A7772EC16C4B7D400FC1926 /* GameResult.m in Sources */,
				0A637DE216C83F8900AA27D7 /* SetCard.m in Sources */,
				0A637DE516C8410500AA27D7 /* SetCardViewController.m in Sources */,
				0A637DE816C842A200AA27D7 /* CardGame.m in Sources */,
				0A637DEB16C842E800AA27D7 /* SetCardGame.m in Sources */,
				0A637DEE16C8433200AA27D7 /* SetDeck.m in Sources */,
			);
			runOnlyForDeploymentPostprocessing = 0;
		};
/* End PBXSourcesBuildPhase section */

/* Begin PBXVariantGroup section */
		0A23FFE416B5E99200684634 /* InfoPlist.strings */ = {
			isa = PBXVariantGroup;
			children = (
				0A23FFE516B5E99200684634 /* en */,
			);
			name = InfoPlist.strings;
			sourceTree = "<group>";
		};
		0A23FFF316B5E99200684634 /* MainStoryboard.storyboard */ = {
			isa = PBXVariantGroup;
			children = (
				0A23FFF416B5E99200684634 /* en */,
			);
			name = MainStoryboard.storyboard;
			sourceTree = "<group>";
		};
/* End PBXVariantGroup section */

/* Begin XCBuildConfiguration section */
		0A23FFF916B5E99200684634 /* Debug */ = {
			isa = XCBuildConfiguration;
			buildSettings = {
				ALWAYS_SEARCH_USER_PATHS = NO;
				CLANG_CXX_LANGUAGE_STANDARD = "gnu++0x";
				CLANG_CXX_LIBRARY = "libc++";
				CLANG_ENABLE_OBJC_ARC = YES;
				CLANG_WARN_EMPTY_BODY = YES;
				CLANG_WARN__DUPLICATE_METHOD_MATCH = YES;
				"CODE_SIGN_IDENTITY[sdk=iphoneos*]" = "iPhone Developer";
				COPY_PHASE_STRIP = NO;
				GCC_C_LANGUAGE_STANDARD = gnu99;
				GCC_DYNAMIC_NO_PIC = NO;
				GCC_OPTIMIZATION_LEVEL = 0;
				GCC_PREPROCESSOR_DEFINITIONS = (
					"DEBUG=1",
					"$(inherited)",
				);
				GCC_SYMBOLS_PRIVATE_EXTERN = NO;
				GCC_WARN_ABOUT_RETURN_TYPE = YES;
				GCC_WARN_UNINITIALIZED_AUTOS = YES;
				GCC_WARN_UNUSED_VARIABLE = YES;
				IPHONEOS_DEPLOYMENT_TARGET = 6.0;
				ONLY_ACTIVE_ARCH = YES;
				SDKROOT = iphoneos;
			};
			name = Debug;
		};
		0A23FFFA16B5E99200684634 /* Release */ = {
			isa = XCBuildConfiguration;
			buildSettings = {
				ALWAYS_SEARCH_USER_PATHS = NO;
				CLANG_CXX_LANGUAGE_STANDARD = "gnu++0x";
				CLANG_CXX_LIBRARY = "libc++";
				CLANG_ENABLE_OBJC_ARC = YES;
				CLANG_WARN_EMPTY_BODY = YES;
				CLANG_WARN__DUPLICATE_METHOD_MATCH = YES;
				"CODE_SIGN_IDENTITY[sdk=iphoneos*]" = "iPhone Developer";
				COPY_PHASE_STRIP = YES;
				GCC_C_LANGUAGE_STANDARD = gnu99;
				GCC_WARN_ABOUT_RETURN_TYPE = YES;
				GCC_WARN_UNINITIALIZED_AUTOS = YES;
				GCC_WARN_UNUSED_VARIABLE = YES;
				IPHONEOS_DEPLOYMENT_TARGET = 6.0;
				OTHER_CFLAGS = "-DNS_BLOCK_ASSERTIONS=1";
				SDKROOT = iphoneos;
				VALIDATE_PRODUCT = YES;
			};
			name = Release;
		};
		0A23FFFC16B5E99200684634 /* Debug */ = {
			isa = XCBuildConfiguration;
			buildSettings = {
				GCC_PRECOMPILE_PREFIX_HEADER = YES;
				GCC_PREFIX_HEADER = "CardMatch/CardMatch-Prefix.pch";
				INFOPLIST_FILE = "CardMatch/CardMatch-Info.plist";
				PRODUCT_NAME = "$(TARGET_NAME)";
				WRAPPER_EXTENSION = app;
			};
			name = Debug;
		};
		0A23FFFD16B5E99200684634 /* Release */ = {
			isa = XCBuildConfiguration;
			buildSettings = {
				GCC_PRECOMPILE_PREFIX_HEADER = YES;
				GCC_PREFIX_HEADER = "CardMatch/CardMatch-Prefix.pch";
				INFOPLIST_FILE = "CardMatch/CardMatch-Info.plist";
				PRODUCT_NAME = "$(TARGET_NAME)";
				WRAPPER_EXTENSION = app;
			};
			name = Release;
		};
/* End XCBuildConfiguration section */

/* Begin XCConfigurationList section */
		0A23FFD116B5E99200684634 /* Build configuration list for PBXProject "CardMatch" */ = {
			isa = XCConfigurationList;
			buildConfigurations = (
				0A23FFF916B5E99200684634 /* Debug */,
				0A23FFFA16B5E99200684634 /* Release */,
			);
			defaultConfigurationIsVisible = 0;
			defaultConfigurationName = Release;
		};
		0A23FFFB16B5E99200684634 /* Build configuration list for PBXNativeTarget "CardMatch" */ = {
			isa = XCConfigurationList;
			buildConfigurations = (
				0A23FFFC16B5E99200684634 /* Debug */,
				0A23FFFD16B5E99200684634 /* Release */,
			);
			defaultConfigurationIsVisible = 0;
			defaultConfigurationName = Release;
		};
/* End XCConfigurationList section */
	};
	rootObject = 0A23FFCE16B5E99200684634 /* Project object */;
}
